
Microsoft Visual Studio Solution File, Format Version 12.00
# Visual Studio Version 17
VisualStudioVersion = 17.4.33213.308
MinimumVisualStudioVersion = 10.0.40219.1
Project("{9A19103F-16F7-4668-BE54-9A1E7A4F7556}") = "Yarp.Example.Gateway", "Yarp.Example.Gateway\Yarp.Example.Gateway.csproj", "{83C5F6F0-6FB0-4043-ADF3-78A4BD1292A5}"
EndProject
Project("{FAE04EC0-301F-11D3-BF4B-00C04F79EFBC}") = "Yarp.Example.Api.Customer", "Yarp.Example.Api.Customer\Yarp.Example.Api.Customer.csproj", "{D17E121C-6A58-4B29-9289-D7610085B475}"
EndProject
Project("{FAE04EC0-301F-11D3-BF4B-00C04F79EFBC}") = "Yarp.Example.Api.Product", "Yarp.Example.Api.Product\Yarp.Example.Api.Product.csproj", "{21C48E2E-C757-40AF-AFA3-35459B0FB220}"
EndProject
Project("{FAE04EC0-301F-11D3-BF4B-00C04F79EFBC}") = "Yarp.Example.Api.Basket", "Yarp.Example.Api.Basket\Yarp.Example.Api.Basket.csproj", "{BB45CB39-6CC5-40C8-B0A4-4561C9155F39}"
EndProject
Global
	GlobalSection(SolutionConfigurationPlatforms) = preSolution
		Debug|Any CPU = Debug|Any CPU
		Release|Any CPU = Release|Any CPU
	EndGlobalSection
	GlobalSection(ProjectConfigurationPlatforms) = postSolution
		{83C5F6F0-6FB0-4043-ADF3-78A4BD1292A5}.Debug|Any CPU.ActiveCfg = Debug|Any CPU
		{83C5F6F0-6FB0-4043-ADF3-78A4BD1292A5}.Debug|Any CPU.Build.0 = Debug|Any CPU
		{83C5F6F0-6FB0-4043-ADF3-78A4BD1292A5}.Release|Any CPU.ActiveCfg = Release|Any CPU
		{83C5F6F0-6FB0-4043-ADF3-78A4BD1292A5}.Release|Any CPU.Build.0 = Release|Any CPU
		{D17E121C-6A58-4B29-9289-D7610085B475}.Debug|Any CPU.ActiveCfg = Debug|Any CPU
		{D17E121C-6A58-4B29-9289-D7610085B475}.Debug|Any CPU.Build.0 = Debug|Any CPU
		{D17E121C-6A58-4B29-9289-D7610085B475}.Release|Any CPU.ActiveCfg = Release|Any CPU
		{D17E121C-6A58-4B29-9289-D7610085B475}.Release|Any CPU.Build.0 = Release|Any CPU
		{21C48E2E-C757-40AF-AFA3-35459B0FB220}.Debug|Any CPU.ActiveCfg = Debug|Any CPU
		{21C48E2E-C757-40AF-AFA3-35459B0FB220}.Debug|Any CPU.Build.0 = Debug|Any CPU
		{21C48E2E-C757-40AF-AFA3-35459B0FB220}.Release|Any CPU.ActiveCfg = Release|Any CPU
		{21C48E2E-C757-40AF-AFA3-35459B0FB220}.Release|Any CPU.Build.0 = Release|Any CPU
		{BB45CB39-6CC5-40C8-B0A4-4561C9155F39}.Debug|Any CPU.ActiveCfg = Debug|Any CPU
		{BB45CB39-6CC5-40C8-B0A4-4561C9155F39}.Debug|Any CPU.Build.0 = Debug|Any CPU
		{BB45CB39-6CC5-40C8-B0A4-4561C9155F39}.Release|Any CPU.ActiveCfg = Release|Any CPU
		{BB45CB39-6CC5-40C8-B0A4-4561C9155F39}.Release|Any CPU.Build.0 = Release|Any CPU
	EndGlobalSection
	GlobalSection(SolutionProperties) = preSolution
		HideSolutionNode = FALSE
	EndGlobalSection
	GlobalSection(ExtensibilityGlobals) = postSolution
		SolutionGuid = {39272FFC-73B4-4FE9-8C42-2DD3604B829A}
	EndGlobalSection
EndGlobal
